// !$*UTF8*$!
{
	archiveVersion = 1;
	classes = {
	};
	objectVersion = 55;
	objects = {

/* Begin PBXBuildFile section */
		C6D419872A4E0F5E0014EF4E /* AppDelegate.swift in Sources */ = {isa = PBXBuildFile; fileRef = C6D419862A4E0F5E0014EF4E /* AppDelegate.swift */; };
		C6D419892A4E0F5E0014EF4E /* SceneDelegate.swift in Sources */ = {isa = PBXBuildFile; fileRef = C6D419882A4E0F5E0014EF4E /* SceneDelegate.swift */; };
		C6D4198B2A4E0F5E0014EF4E /* ViewController.swift in Sources */ = {isa = PBXBuildFile; fileRef = C6D4198A2A4E0F5E0014EF4E /* ViewController.swift */; };
		C6D4198E2A4E0F5E0014EF4E /* Main.storyboard in Resources */ = {isa = PBXBuildFile; fileRef = C6D4198C2A4E0F5E0014EF4E /* Main.storyboard */; };
		C6D419902A4E0F620014EF4E /* Assets.xcassets in Resources */ = {isa = PBXBuildFile; fileRef = C6D4198F2A4E0F620014EF4E /* Assets.xcassets */; };
		C6D419932A4E0F620014EF4E /* LaunchScreen.storyboard in Resources */ = {isa = PBXBuildFile; fileRef = C6D419912A4E0F620014EF4E /* LaunchScreen.storyboard */; };
		C6D4199F2A4E112D0014EF4E /* aspas-direita.png in Resources */ = {isa = PBXBuildFile; fileRef = C6D4199C2A4E112D0014EF4E /* aspas-direita.png */; };
		C6D419A02A4E112D0014EF4E /* aspas-esquerda.png in Resources */ = {isa = PBXBuildFile; fileRef = C6D4199D2A4E112D0014EF4E /* aspas-esquerda.png */; };
		C6D419A12A4E112D0014EF4E /* logo.png in Resources */ = {isa = PBXBuildFile; fileRef = C6D4199E2A4E112D0014EF4E /* logo.png */; };
/* End PBXBuildFile section */

/* Begin PBXFileReference section */
		C6D419832A4E0F5E0014EF4E /* Frases do dia.app */ = {isa = PBXFileReference; explicitFileType = wrapper.application; includeInIndex = 0; path = "Frases do dia.app"; sourceTree = BUILT_PRODUCTS_DIR; };
		C6D419862A4E0F5E0014EF4E /* AppDelegate.swift */ = {isa = PBXFileReference; lastKnownFileType = sourcecode.swift; path = AppDelegate.swift; sourceTree = "<group>"; };
		C6D419882A4E0F5E0014EF4E /* SceneDelegate.swift */ = {isa = PBXFileReference; lastKnownFileType = sourcecode.swift; path = SceneDelegate.swift; sourceTree = "<group>"; };
		C6D4198A2A4E0F5E0014EF4E /* ViewController.swift */ = {isa = PBXFileReference; lastKnownFileType = sourcecode.swift; path = ViewController.swift; sourceTree = "<group>"; };
		C6D4198D2A4E0F5E0014EF4E /* Base */ = {isa = PBXFileReference; lastKnownFileType = file.storyboard; name = Base; path = Base.lproj/Main.storyboard; sourceTree = "<group>"; };
		C6D4198F2A4E0F620014EF4E /* Assets.xcassets */ = {isa = PBXFileReference; lastKnownFileType = folder.assetcatalog; path = Assets.xcassets; sourceTree = "<group>"; };
		C6D419922A4E0F620014EF4E /* Base */ = {isa = PBXFileReference; lastKnownFileType = file.storyboard; name = Base; path = Base.lproj/LaunchScreen.storyboard; sourceTree = "<group>"; };
		C6D419942A4E0F620014EF4E /* Info.plist */ = {isa = PBXFileReference; lastKnownFileType = text.plist.xml; path = Info.plist; sourceTree = "<group>"; };
		C6D4199C2A4E112D0014EF4E /* aspas-direita.png */ = {isa = PBXFileReference; lastKnownFileType = image.png; path = "aspas-direita.png"; sourceTree = "<group>"; };
		C6D4199D2A4E112D0014EF4E /* aspas-esquerda.png */ = {isa = PBXFileReference; lastKnownFileType = image.png; path = "aspas-esquerda.png"; sourceTree = "<group>"; };
		C6D4199E2A4E112D0014EF4E /* logo.png */ = {isa = PBXFileReference; lastKnownFileType = image.png; path = logo.png; sourceTree = "<group>"; };
/* End PBXFileReference section */

/* Begin PBXFrameworksBuildPhase section */
		C6D419802A4E0F5E0014EF4E /* Frameworks */ = {
			isa = PBXFrameworksBuildPhase;
			buildActionMask = 2147483647;
			files = (
			);
			runOnlyForDeploymentPostprocessing = 0;
		};
/* End PBXFrameworksBuildPhase section */

/* Begin PBXGroup section */
		C6D4197A2A4E0F5E0014EF4E = {
			isa = PBXGroup;
			children = (
				C6D419852A4E0F5E0014EF4E /* Frases do dia */,
				C6D419842A4E0F5E0014EF4E /* Products */,
			);
			sourceTree = "<group>";
		};
		C6D419842A4E0F5E0014EF4E /* Products */ = {
			isa = PBXGroup;
			children = (
				C6D419832A4E0F5E0014EF4E /* Frases do dia.app */,
			);
			name = Products;
			sourceTree = "<group>";
		};
		C6D419852A4E0F5E0014EF4E /* Frases do dia */ = {
			isa = PBXGroup;
			children = (
				C6D4199C2A4E112D0014EF4E /* aspas-direita.png */,
				C6D4199D2A4E112D0014EF4E /* aspas-esquerda.png */,
				C6D4199E2A4E112D0014EF4E /* logo.png */,
				C6D419862A4E0F5E0014EF4E /* AppDelegate.swift */,
				C6D419882A4E0F5E0014EF4E /* SceneDelegate.swift */,
				C6D4198A2A4E0F5E0014EF4E /* ViewController.swift */,
				C6D4198C2A4E0F5E0014EF4E /* Main.storyboard */,
				C6D4198F2A4E0F620014EF4E /* Assets.xcassets */,
				C6D419912A4E0F620014EF4E /* LaunchScreen.storyboard */,
				C6D419942A4E0F620014EF4E /* Info.plist */,
			);
			path = "Frases do dia";
			sourceTree = "<group>";
		};
/* End PBXGroup section */

/* Begin PBXNativeTarget section */
		C6D419822A4E0F5E0014EF4E /* Frases do dia */ = {
			isa = PBXNativeTarget;
			buildConfigurationList = C6D419972A4E0F620014EF4E /* Build configuration list for PBXNativeTarget "Frases do dia" */;
			buildPhases = (
				C6D4197F2A4E0F5E0014EF4E /* Sources */,
				C6D419802A4E0F5E0014EF4E /* Frameworks */,
				C6D419812A4E0F5E0014EF4E /* Resources */,
			);
			buildRules = (
			);
			dependencies = (
			);
			name = "Frases do dia";
			productName = "Frases do dia";
			productReference = C6D419832A4E0F5E0014EF4E /* Frases do dia.app */;
			productType = "com.apple.product-type.application";
		};
/* End PBXNativeTarget section */

/* Begin PBXProject section */
		C6D4197B2A4E0F5E0014EF4E /* Project object */ = {
			isa = PBXProject;
			attributes = {
				BuildIndependentTargetsInParallel = 1;
				LastSwiftUpdateCheck = 1320;
				LastUpgradeCheck = 1320;
				TargetAttributes = {
					C6D419822A4E0F5E0014EF4E = {
						CreatedOnToolsVersion = 13.2.1;
					};
				};
			};
			buildConfigurationList = C6D4197E2A4E0F5E0014EF4E /* Build configuration list for PBXProject "Frases do dia" */;
			compatibilityVersion = "Xcode 13.0";
			developmentRegion = en;
			hasScannedForEncodings = 0;
			knownRegions = (
				en,
				Base,
			);
			mainGroup = C6D4197A2A4E0F5E0014EF4E;
			productRefGroup = C6D419842A4E0F5E0014EF4E /* Products */;
			projectDirPath = "";
			projectRoot = "";
			targets = (
				C6D419822A4E0F5E0014EF4E /* Frases do dia */,
			);
		};
/* End PBXProject section */

/* Begin PBXResourcesBuildPhase section */
		C6D419812A4E0F5E0014EF4E /* Resources */ = {
			isa = PBXResourcesBuildPhase;
			buildActionMask = 2147483647;
			files = (
				C6D419932A4E0F620014EF4E /* LaunchScreen.storyboard in Resources */,
				C6D419902A4E0F620014EF4E /* Assets.xcassets in Resources */,
				C6D419A12A4E112D0014EF4E /* logo.png in Resources */,
				C6D4198E2A4E0F5E0014EF4E /* Main.storyboard in Resources */,
				C6D4199F2A4E112D0014EF4E /* aspas-direita.png in Resources */,
				C6D419A02A4E112D0014EF4E /* aspas-esquerda.png in Resources */,
			);
			runOnlyForDeploymentPostprocessing = 0;
		};
/* End PBXResourcesBuildPhase section */

/* Begin PBXSourcesBuildPhase section */
		C6D4197F2A4E0F5E0014EF4E /* Sources */ = {
			isa = PBXSourcesBuildPhase;
			buildActionMask = 2147483647;
			files = (
				C6D4198B2A4E0F5E0014EF4E /* ViewController.swift in Sources */,
				C6D419872A4E0F5E0014EF4E /* AppDelegate.swift in Sources */,
				C6D419892A4E0F5E0014EF4E /* SceneDelegate.swift in Sources */,
			);
			runOnlyForDeploymentPostprocessing = 0;
		};
/* End PBXSourcesBuildPhase section */

/* Begin PBXVariantGroup section */
		C6D4198C2A4E0F5E0014EF4E /* Main.storyboard */ = {
			isa = PBXVariantGroup;
			children = (
				C6D4198D2A4E0F5E0014EF4E /* Base */,
			);
			name = Main.storyboard;
			sourceTree = "<group>";
		};
		C6D419912A4E0F620014EF4E /* LaunchScreen.storyboard */ = {
			isa = PBXVariantGroup;
			children = (
				C6D419922A4E0F620014EF4E /* Base */,
			);
			name = LaunchScreen.storyboard;
			sourceTree = "<group>";
		};
/* End PBXVariantGroup section */

/* Begin XCBuildConfiguration section */
		C6D419952A4E0F620014EF4E /* Debug */ = {
			isa = XCBuildConfiguration;
			buildSettings = {
				ALWAYS_SEARCH_USER_PATHS = NO;
				CLANG_ANALYZER_NONNULL = YES;
				CLANG_ANALYZER_NUMBER_OBJECT_CONVERSION = YES_AGGRESSIVE;
				CLANG_CXX_LANGUAGE_STANDARD = "gnu++17";
				CLANG_CXX_LIBRARY = "libc++";
				CLANG_ENABLE_MODULES = YES;
				CLANG_ENABLE_OBJC_ARC = YES;
				CLANG_ENABLE_OBJC_WEAK = YES;
				CLANG_WARN_BLOCK_CAPTURE_AUTORELEASING = YES;
				CLANG_WARN_BOOL_CONVERSION = YES;
				CLANG_WARN_COMMA = YES;
				CLANG_WARN_CONSTANT_CONVERSION = YES;
				CLANG_WARN_DEPRECATED_OBJC_IMPLEMENTATIONS = YES;
				CLANG_WARN_DIRECT_OBJC_ISA_USAGE = YES_ERROR;
				CLANG_WARN_DOCUMENTATION_COMMENTS = YES;
				CLANG_WARN_EMPTY_BODY = YES;
				CLANG_WARN_ENUM_CONVERSION = YES;
				CLANG_WARN_INFINITE_RECURSION = YES;
				CLANG_WARN_INT_CONVERSION = YES;
				CLANG_WARN_NON_LITERAL_NULL_CONVERSION = YES;
				CLANG_WARN_OBJC_IMPLICIT_RETAIN_SELF = YES;
				CLANG_WARN_OBJC_LITERAL_CONVERSION = YES;
				CLANG_WARN_OBJC_ROOT_CLASS = YES_ERROR;
				CLANG_WARN_QUOTED_INCLUDE_IN_FRAMEWORK_HEADER = YES;
				CLANG_WARN_RANGE_LOOP_ANALYSIS = YES;
				CLANG_WARN_STRICT_PROTOTYPES = YES;
				CLANG_WARN_SUSPICIOUS_MOVE = YES;
				CLANG_WARN_UNGUARDED_AVAILABILITY = YES_AGGRESSIVE;
				CLANG_WARN_UNREACHABLE_CODE = YES;
				CLANG_WARN__DUPLICATE_METHOD_MATCH = YES;
				COPY_PHASE_STRIP = NO;
				DEBUG_INFORMATION_FORMAT = dwarf;
				ENABLE_STRICT_OBJC_MSGSEND = YES;
				ENABLE_TESTABILITY = YES;
				GCC_C_LANGUAGE_STANDARD = gnu11;
				GCC_DYNAMIC_NO_PIC = NO;
				GCC_NO_COMMON_BLOCKS = YES;
				GCC_OPTIMIZATION_LEVEL = 0;
				GCC_PREPROCESSOR_DEFINITIONS = (
					"DEBUG=1",
					"$(inherited)",
				);
				GCC_WARN_64_TO_32_BIT_CONVERSION = YES;
				GCC_WARN_ABOUT_RETURN_TYPE = YES_ERROR;
				GCC_WARN_UNDECLARED_SELECTOR = YES;
				GCC_WARN_UNINITIALIZED_AUTOS = YES_AGGRESSIVE;
				GCC_WARN_UNUSED_FUNCTION = YES;
				GCC_WARN_UNUSED_VARIABLE = YES;
				IPHONEOS_DEPLOYMENT_TARGET = 15.2;
				MTL_ENABLE_DEBUG_INFO = INCLUDE_SOURCE;
				MTL_FAST_MATH = YES;
				ONLY_ACTIVE_ARCH = YES;
				SDKROOT = iphoneos;
				SWIFT_ACTIVE_COMPILATION_CONDITIONS = DEBUG;
				SWIFT_OPTIMIZATION_LEVEL = "-Onone";
			};
			name = Debug;
		};
		C6D419962A4E0F620014EF4E /* Release */ = {
			isa = XCBuildConfiguration;
			buildSettings = {
				ALWAYS_SEARCH_USER_PATHS = NO;
				CLANG_ANALYZER_NONNULL = YES;
				CLANG_ANALYZER_NUMBER_OBJECT_CONVERSION = YES_AGGRESSIVE;
				CLANG_CXX_LANGUAGE_STANDARD = "gnu++17";
				CLANG_CXX_LIBRARY = "libc++";
				CLANG_ENABLE_MODULES = YES;
				CLANG_ENABLE_OBJC_ARC = YES;
				CLANG_ENABLE_OBJC_WEAK = YES;
				CLANG_WARN_BLOCK_CAPTURE_AUTORELEASING = YES;
				CLANG_WARN_BOOL_CONVERSION = YES;
				CLANG_WARN_COMMA = YES;
				CLANG_WARN_CONSTANT_CONVERSION = YES;
				CLANG_WARN_DEPRECATED_OBJC_IMPLEMENTATIONS = YES;
				CLANG_WARN_DIRECT_OBJC_ISA_USAGE = YES_ERROR;
				CLANG_WARN_DOCUMENTATION_COMMENTS = YES;
				CLANG_WARN_EMPTY_BODY = YES;
				CLANG_WARN_ENUM_CONVERSION = YES;
				CLANG_WARN_INFINITE_RECURSION = YES;
				CLANG_WARN_INT_CONVERSION = YES;
				CLANG_WARN_NON_LITERAL_NULL_CONVERSION = YES;
				CLANG_WARN_OBJC_IMPLICIT_RETAIN_SELF = YES;
				CLANG_WARN_OBJC_LITERAL_CONVERSION = YES;
				CLANG_WARN_OBJC_ROOT_CLASS = YES_ERROR;
				CLANG_WARN_QUOTED_INCLUDE_IN_FRAMEWORK_HEADER = YES;
				CLANG_WARN_RANGE_LOOP_ANALYSIS = YES;
				CLANG_WARN_STRICT_PROTOTYPES = YES;
				CLANG_WARN_SUSPICIOUS_MOVE = YES;
				CLANG_WARN_UNGUARDED_AVAILABILITY = YES_AGGRESSIVE;
				CLANG_WARN_UNREACHABLE_CODE = YES;
				CLANG_WARN__DUPLICATE_METHOD_MATCH = YES;
				COPY_PHASE_STRIP = NO;
				DEBUG_INFORMATION_FORMAT = "dwarf-with-dsym";
				ENABLE_NS_ASSERTIONS = NO;
				ENABLE_STRICT_OBJC_MSGSEND = YES;
				GCC_C_LANGUAGE_STANDARD = gnu11;
				GCC_NO_COMMON_BLOCKS = YES;
				GCC_WARN_64_TO_32_BIT_CONVERSION = YES;
				GCC_WARN_ABOUT_RETURN_TYPE = YES_ERROR;
				GCC_WARN_UNDECLARED_SELECTOR = YES;
				GCC_WARN_UNINITIALIZED_AUTOS = YES_AGGRESSIVE;
				GCC_WARN_UNUSED_FUNCTION = YES;
				GCC_WARN_UNUSED_VARIABLE = YES;
				IPHONEOS_DEPLOYMENT_TARGET = 15.2;
				MTL_ENABLE_DEBUG_INFO = NO;
				MTL_FAST_MATH = YES;
				SDKROOT = iphoneos;
				SWIFT_COMPILATION_MODE = wholemodule;
				SWIFT_OPTIMIZATION_LEVEL = "-O";
				VALIDATE_PRODUCT = YES;
			};
			name = Release;
		};
		C6D419982A4E0F620014EF4E /* Debug */ = {
			isa = XCBuildConfiguration;
			buildSettings = {
				ASSETCATALOG_COMPILER_APPICON_NAME = AppIcon;
				ASSETCATALOG_COMPILER_GLOBAL_ACCENT_COLOR_NAME = AccentColor;
				CODE_SIGN_STYLE = Automatic;
				CURRENT_PROJECT_VERSION = 1;
				GENERATE_INFOPLIST_FILE = YES;
				INFOPLIST_FILE = "Frases do dia/Info.plist";
				INFOPLIST_KEY_UIApplicationSupportsIndirectInputEvents = YES;
				INFOPLIST_KEY_UILaunchStoryboardName = LaunchScreen;
				INFOPLIST_KEY_UIMainStoryboardFile = Main;
				INFOPLIST_KEY_UISupportedInterfaceOrientations_iPad = "UIInterfaceOrientationPortrait UIInterfaceOrientationPortraitUpsideDown UIInterfaceOrientationLandscapeLeft UIInterfaceOrientationLandscapeRight";
				INFOPLIST_KEY_UISupportedInterfaceOrientations_iPhone = "UIInterfaceOrientationPortrait UIInterfaceOrientationLandscapeLeft UIInterfaceOrientationLandscapeRight";
				LD_RUNPATH_SEARCH_PATHS = (
					"$(inherited)",
					"@executable_path/Frameworks",
				);
				MARKETING_VERSION = 1.0;
				PRODUCT_BUNDLE_IDENTIFIER = "com.cursoios11.Frases-do-dia";
				PRODUCT_NAME = "$(TARGET_NAME)";
				SWIFT_EMIT_LOC_STRINGS = YES;
				SWIFT_VERSION = 5.0;
				TARGETED_DEVICE_FAMILY = "1,2";
			};
			name = Debug;
		};
		C6D419992A4E0F620014EF4E /* Release */ = {
			isa = XCBuildConfiguration;
			buildSettings = {
				ASSETCATALOG_COMPILER_APPICON_NAME = AppIcon;
				ASSETCATALOG_COMPILER_GLOBAL_ACCENT_COLOR_NAME = AccentColor;
				CODE_SIGN_STYLE = Automatic;
				CURRENT_PROJECT_VERSION = 1;
				GENERATE_INFOPLIST_FILE = YES;
				INFOPLIST_FILE = "Frases do dia/Info.plist";
				INFOPLIST_KEY_UIApplicationSupportsIndirectInputEvents = YES;
				INFOPLIST_KEY_UILaunchStoryboardName = LaunchScreen;
				INFOPLIST_KEY_UIMainStoryboardFile = Main;
				INFOPLIST_KEY_UISupportedInterfaceOrientations_iPad = "UIInterfaceOrientationPortrait UIInterfaceOrientationPortraitUpsideDown UIInterfaceOrientationLandscapeLeft UIInterfaceOrientationLandscapeRight";
				INFOPLIST_KEY_UISupportedInterfaceOrientations_iPhone = "UIInterfaceOrientationPortrait UIInterfaceOrientationLandscapeLeft UIInterfaceOrientationLandscapeRight";
				LD_RUNPATH_SEARCH_PATHS = (
					"$(inherited)",
					"@executable_path/Frameworks",
				);
				MARKETING_VERSION = 1.0;
				PRODUCT_BUNDLE_IDENTIFIER = "com.cursoios11.Frases-do-dia";
				PRODUCT_NAME = "$(TARGET_NAME)";
				SWIFT_EMIT_LOC_STRINGS = YES;
				SWIFT_VERSION = 5.0;
				TARGETED_DEVICE_FAMILY = "1,2";
			};
			name = Release;
		};
/* End XCBuildConfiguration section */

/* Begin XCConfigurationList section */
		C6D4197E2A4E0F5E0014EF4E /* Build configuration list for PBXProject "Frases do dia" */ = {
			isa = XCConfigurationList;
			buildConfigurations = (
				C6D419952A4E0F620014EF4E /* Debug */,
				C6D419962A4E0F620014EF4E /* Release */,
			);
			defaultConfigurationIsVisible = 0;
			defaultConfigurationName = Release;
		};
		C6D419972A4E0F620014EF4E /* Build configuration list for PBXNativeTarget "Frases do dia" */ = {
			isa = XCConfigurationList;
			buildConfigurations = (
				C6D419982A4E0F620014EF4E /* Debug */,
				C6D419992A4E0F620014EF4E /* Release */,
			);
			defaultConfigurationIsVisible = 0;
			defaultConfigurationName = Release;
		};
/* End XCConfigurationList section */
	};
	rootObject = C6D4197B2A4E0F5E0014EF4E /* Project object */;
}
